
Microsoft Visual Studio Solution File, Format Version 12.00
# Visual Studio Version 17
VisualStudioVersion = 17.8.34525.116
MinimumVisualStudioVersion = 10.0.40219.1
Project("{8BC9CEB8-8B4A-11D0-8D11-00A0C91BC942}") = "MT4", "MT4\MT4.vcxproj", "{D1BC5DF7-85EE-4A50-BB47-DEA1145F095C}"
EndProject
Project("{8BC9CEB8-8B4A-11D0-8D11-00A0C91BC942}") = "MT4Wrapper", "MT4Wrapper\MT4Wrapper.vcxproj", "{478BF9B8-0840-47EE-8524-2BFAC2FF91A0}"
EndProject
Global
	GlobalSection(SolutionConfigurationPlatforms) = preSolution
		Debug|x64 = Debug|x64
		Debug|x86 = Debug|x86
		Release|x64 = Release|x64
		Release|x86 = Release|x86
	EndGlobalSection
	GlobalSection(ProjectConfigurationPlatforms) = postSolution
		{D1BC5DF7-85EE-4A50-BB47-DEA1145F095C}.Debug|x64.ActiveCfg = Debug|Win32
		{D1BC5DF7-85EE-4A50-BB47-DEA1145F095C}.Debug|x64.Build.0 = Debug|Win32
		{D1BC5DF7-85EE-4A50-BB47-DEA1145F095C}.Debug|x86.ActiveCfg = Debug|Win32
		{D1BC5DF7-85EE-4A50-BB47-DEA1145F095C}.Debug|x86.Build.0 = Debug|Win32
		{D1BC5DF7-85EE-4A50-BB47-DEA1145F095C}.Release|x64.ActiveCfg = Release|x64
		{D1BC5DF7-85EE-4A50-BB47-DEA1145F095C}.Release|x64.Build.0 = Release|x64
		{D1BC5DF7-85EE-4A50-BB47-DEA1145F095C}.Release|x86.ActiveCfg = Release|Win32
		{D1BC5DF7-85EE-4A50-BB47-DEA1145F095C}.Release|x86.Build.0 = Release|Win32
		{478BF9B8-0840-47EE-8524-2BFAC2FF91A0}.Debug|x64.ActiveCfg = Debug|Win32
		{478BF9B8-0840-47EE-8524-2BFAC2FF91A0}.Debug|x64.Build.0 = Debug|Win32
		{478BF9B8-0840-47EE-8524-2BFAC2FF91A0}.Debug|x86.ActiveCfg = Debug|Win32
		{478BF9B8-0840-47EE-8524-2BFAC2FF91A0}.Debug|x86.Build.0 = Debug|Win32
		{478BF9B8-0840-47EE-8524-2BFAC2FF91A0}.Release|x64.ActiveCfg = Release|x64
		{478BF9B8-0840-47EE-8524-2BFAC2FF91A0}.Release|x64.Build.0 = Release|x64
		{478BF9B8-0840-47EE-8524-2BFAC2FF91A0}.Release|x86.ActiveCfg = Release|Win32
		{478BF9B8-0840-47EE-8524-2BFAC2FF91A0}.Release|x86.Build.0 = Release|Win32
	EndGlobalSection
	GlobalSection(SolutionProperties) = preSolution
		HideSolutionNode = FALSE
	EndGlobalSection
	GlobalSection(ExtensibilityGlobals) = postSolution
		SolutionGuid = {0FB93C75-67C8-4E07-A940-B93D4AB219A4}
	EndGlobalSection
EndGlobal
